# THIS IS AN AUTOGENERATED FILE. DO NOT EDIT THIS FILE DIRECTLY.
# yarn lockfile v1


"@babel/helper-string-parser@^7.25.9":
  version "7.25.9"
  resolved "https://registry.yarnpkg.com/@babel/helper-string-parser/-/helper-string-parser-7.25.9.tgz#1aabb72ee72ed35789b4bbcad3ca2862ce614e8c"
  integrity sha512-4A/SCr/2KLd5jrtOMFzaKjVtAei3+2r/NChoBNoZ3EyP/+GlhoaEGoWOZUmFmoITP7zOJyHIMm+DYRd8o3PvHA==

"@babel/helper-validator-identifier@^7.25.9":
  version "7.25.9"
  resolved "https://registry.yarnpkg.com/@babel/helper-validator-identifier/-/helper-validator-identifier-7.25.9.tgz#24b64e2c3ec7cd3b3c547729b8d16871f22cbdc7"
  integrity sha512-Ed61U6XJc3CVRfkERJWDz4dJwKe7iLmmJsbOGu9wSloNSFttHV0I8g6UAgb7qnK5ly5bGLPd4oXZlxCdANBOWQ==

"@babel/parser@^7.25.3", "@babel/parser@^7.26.7":
  version "7.26.8"
  resolved "https://registry.yarnpkg.com/@babel/parser/-/parser-7.26.8.tgz#deca2b4d99e5e1b1553843b99823f118da6107c2"
  integrity sha512-TZIQ25pkSoaKEYYaHbbxkfL36GNsQ6iFiBbeuzAkLnXayKR1yP1zFe+NxuZWWsUyvt8icPU9CCq0sgWGXR1GEw==
  dependencies:
    "@babel/types" "^7.26.8"

"@babel/types@^7.26.8":
  version "7.26.8"
  resolved "https://registry.yarnpkg.com/@babel/types/-/types-7.26.8.tgz#97dcdc190fab45be7f3dc073e3c11160d677c127"
  integrity sha512-eUuWapzEGWFEpHFxgEaBG8e3n6S8L3MSu0oda755rOfabWPnh0Our1AozNFVUxGFIhbKgd1ksprsoDGMinTOTA==
  dependencies:
    "@babel/helper-string-parser" "^7.25.9"
    "@babel/helper-validator-identifier" "^7.25.9"

"@dependents/detective-less@^5.0.1":
  version "5.0.1"
  resolved "https://registry.yarnpkg.com/@dependents/detective-less/-/detective-less-5.0.1.tgz#e6c5b502f0d26a81da4170c1ccd848a6eaa68470"
  integrity sha512-Y6+WUMsTFWE5jb20IFP4YGa5IrGY/+a/FbOSjDF/wz9gepU2hwCYSXRHP/vPwBvwcY3SVMASt4yXxbXNXigmZQ==
  dependencies:
    gonzales-pe "^4.3.0"
    node-source-walk "^7.0.1"

"@jridgewell/sourcemap-codec@^1.5.0":
  version "1.5.0"
  resolved "https://registry.yarnpkg.com/@jridgewell/sourcemap-codec/-/sourcemap-codec-1.5.0.tgz#3188bcb273a414b0d215fd22a58540b989b9409a"
  integrity sha512-gv3ZRaISU3fjPAgNsriBRqGWQL6quFx04YMPW/zD8XMLsU32mhCCbfbO6KZFLjvYpCZ8zyDEgqsgf+PwPaM7GQ==

"@nodelib/fs.scandir@2.1.5":
  version "2.1.5"
  resolved "https://registry.yarnpkg.com/@nodelib/fs.scandir/-/fs.scandir-2.1.5.tgz#7619c2eb21b25483f6d167548b4cfd5a7488c3d5"
  integrity sha512-vq24Bq3ym5HEQm2NKCr3yXDwjc7vTsEThRDnkp2DK9p1uqLR+DHurm/NOTo0KG7HYHU7eppKZj3MyqYuMBf62g==
  dependencies:
    "@nodelib/fs.stat" "2.0.5"
    run-parallel "^1.1.9"

"@nodelib/fs.stat@2.0.5", "@nodelib/fs.stat@^2.0.2":
  version "2.0.5"
  resolved "https://registry.yarnpkg.com/@nodelib/fs.stat/-/fs.stat-2.0.5.tgz#5bd262af94e9d25bd1e71b05deed44876a222e8b"
  integrity sha512-RkhPPp2zrqDAQA/2jNhnztcPAlv64XdhIp7a7454A5ovI7Bukxgt7MX7udwAu3zg1DcpPU0rz3VV1SeaqvY4+A==

"@nodelib/fs.walk@^1.2.3":
  version "1.2.8"
  resolved "https://registry.yarnpkg.com/@nodelib/fs.walk/-/fs.walk-1.2.8.tgz#e95737e8bb6746ddedf69c556953494f196fe69a"
  integrity sha512-oGB+UxlgWcgQkgwo8GcEGwemoTFt3FIO9ababBmaGwXIoBKZ+GTy0pP185beGg7Llih/NSHSV2XAs1lnznocSg==
  dependencies:
    "@nodelib/fs.scandir" "2.1.5"
    fastq "^1.6.0"

"@typescript-eslint/types@8.24.0":
  version "8.24.0"
  resolved "https://registry.yarnpkg.com/@typescript-eslint/types/-/types-8.24.0.tgz#694e7fb18d70506c317b816de9521300b0f72c8e"
  integrity sha512-VacJCBTyje7HGAw7xp11q439A+zeGG0p0/p2zsZwpnMzjPB5WteaWqt4g2iysgGFafrqvyLWqq6ZPZAOCoefCw==

"@typescript-eslint/typescript-estree@^8.23.0":
  version "8.24.0"
  resolved "https://registry.yarnpkg.com/@typescript-eslint/typescript-estree/-/typescript-estree-8.24.0.tgz#0487349be174097bb329a58273100a9629e03c6c"
  integrity sha512-ITjYcP0+8kbsvT9bysygfIfb+hBj6koDsu37JZG7xrCiy3fPJyNmfVtaGsgTUSEuTzcvME5YI5uyL5LD1EV5ZQ==
  dependencies:
    "@typescript-eslint/types" "8.24.0"
    "@typescript-eslint/visitor-keys" "8.24.0"
    debug "^4.3.4"
    fast-glob "^3.3.2"
    is-glob "^4.0.3"
    minimatch "^9.0.4"
    semver "^7.6.0"
    ts-api-utils "^2.0.1"

"@typescript-eslint/visitor-keys@8.24.0":
  version "8.24.0"
  resolved "https://registry.yarnpkg.com/@typescript-eslint/visitor-keys/-/visitor-keys-8.24.0.tgz#36ecf0b9b1d819ad88a3bd4157ab7d594cb797c9"
  integrity sha512-kArLq83QxGLbuHrTMoOEWO+l2MwsNS2TGISEdx8xgqpkbytB07XmlQyQdNDrCc1ecSqx0cnmhGvpX+VBwqqSkg==
  dependencies:
    "@typescript-eslint/types" "8.24.0"
    eslint-visitor-keys "^4.2.0"

"@vue/compiler-core@3.5.13":
  version "3.5.13"
  resolved "https://registry.yarnpkg.com/@vue/compiler-core/-/compiler-core-3.5.13.tgz#b0ae6c4347f60c03e849a05d34e5bf747c9bda05"
  integrity sha512-oOdAkwqUfW1WqpwSYJce06wvt6HljgY3fGeM9NcVA1HaYOij3mZG9Rkysn0OHuyUAGMbEbARIpsG+LPVlBJ5/Q==
  dependencies:
    "@babel/parser" "^7.25.3"
    "@vue/shared" "3.5.13"
    entities "^4.5.0"
    estree-walker "^2.0.2"
    source-map-js "^1.2.0"

"@vue/compiler-dom@3.5.13":
  version "3.5.13"
  resolved "https://registry.yarnpkg.com/@vue/compiler-dom/-/compiler-dom-3.5.13.tgz#bb1b8758dbc542b3658dda973b98a1c9311a8a58"
  integrity sha512-ZOJ46sMOKUjO3e94wPdCzQ6P1Lx/vhp2RSvfaab88Ajexs0AHeV0uasYhi99WPaogmBlRHNRuly8xV75cNTMDA==
  dependencies:
    "@vue/compiler-core" "3.5.13"
    "@vue/shared" "3.5.13"

"@vue/compiler-sfc@^3.5.13":
  version "3.5.13"
  resolved "https://registry.yarnpkg.com/@vue/compiler-sfc/-/compiler-sfc-3.5.13.tgz#461f8bd343b5c06fac4189c4fef8af32dea82b46"
  integrity sha512-6VdaljMpD82w6c2749Zhf5T9u5uLBWKnVue6XWxprDobftnletJ8+oel7sexFfM3qIxNmVE7LSFGTpv6obNyaQ==
  dependencies:
    "@babel/parser" "^7.25.3"
    "@vue/compiler-core" "3.5.13"
    "@vue/compiler-dom" "3.5.13"
    "@vue/compiler-ssr" "3.5.13"
    "@vue/shared" "3.5.13"
    estree-walker "^2.0.2"
    magic-string "^0.30.11"
    postcss "^8.4.48"
    source-map-js "^1.2.0"

"@vue/compiler-ssr@3.5.13":
  version "3.5.13"
  resolved "https://registry.yarnpkg.com/@vue/compiler-ssr/-/compiler-ssr-3.5.13.tgz#e771adcca6d3d000f91a4277c972a996d07f43ba"
  integrity sha512-wMH6vrYHxQl/IybKJagqbquvxpWCuVYpoUJfCqFZwa/JY1GdATAQ+TgVtgrwwMZ0D07QhA99rs/EAAWfvG6KpA==
  dependencies:
    "@vue/compiler-dom" "3.5.13"
    "@vue/shared" "3.5.13"

"@vue/shared@3.5.13":
  version "3.5.13"
  resolved "https://registry.yarnpkg.com/@vue/shared/-/shared-3.5.13.tgz#87b309a6379c22b926e696893237826f64339b6f"
  integrity sha512-/hnE/qP5ZoGpol0a5mDi45bOd7t3tjYJBjsgCsivow7D48cJeV5l05RD82lPqi7gRiphZM37rnhW1l6ZoCNNnQ==

app-module-path@^2.2.0:
  version "2.2.0"
  resolved "https://registry.yarnpkg.com/app-module-path/-/app-module-path-2.2.0.tgz#641aa55dfb7d6a6f0a8141c4b9c0aa50b6c24dd5"
  integrity sha512-gkco+qxENJV+8vFcDiiFhuoSvRXb2a/QPqpSoWhVz829VNJfOTnELbBmPmNKFxf3xdNnw4DWCkzkDaavcX/1YQ==

ast-module-types@^6.0.1:
  version "6.0.1"
  resolved "https://registry.yarnpkg.com/ast-module-types/-/ast-module-types-6.0.1.tgz#4b4ca0251c57b815bab62604dcb22f8c903e2523"
  integrity sha512-WHw67kLXYbZuHTmcdbIrVArCq5wxo6NEuj3hiYAWr8mwJeC+C2mMCIBIWCiDoCye/OF/xelc+teJ1ERoWmnEIA==

balanced-match@^1.0.0:
  version "1.0.2"
  resolved "https://registry.yarnpkg.com/balanced-match/-/balanced-match-1.0.2.tgz#e83e3a7e3f300b34cb9d87f615fa0cbf357690ee"
  integrity sha512-3oSeUO0TMV67hN1AmbXsK4yaqU7tjiHlbxRDZOpH0KW9+CeX4bRAaX0Anxt0tx2MrpRpWwQaPwIlISEJhYU5Pw==

brace-expansion@^1.1.7:
  version "1.1.11"
  resolved "https://registry.yarnpkg.com/brace-expansion/-/brace-expansion-1.1.11.tgz#3c7fcbf529d87226f3d2f52b966ff5271eb441dd"
  integrity sha512-iCuPHDFgrHX7H2vEI/5xpz07zSHB00TpugqhmYtVmMO6518mCuRMoOYFldEBl0g187ufozdaHgWKcYFb61qGiA==
  dependencies:
    balanced-match "^1.0.0"
    concat-map "0.0.1"

brace-expansion@^2.0.1:
  version "2.0.1"
  resolved "https://registry.yarnpkg.com/brace-expansion/-/brace-expansion-2.0.1.tgz#1edc459e0f0c548486ecf9fc99f2221364b9a0ae"
  integrity sha512-XnAIvQ8eM+kC6aULx6wuQiwVsnzsi9d3WxzV3FpWTGA19F621kwdbsAcFKXgKUHZWsy+mY6iL1sHTxWEFCytDA==
  dependencies:
    balanced-match "^1.0.0"

braces@^3.0.3:
  version "3.0.3"
  resolved "https://registry.yarnpkg.com/braces/-/braces-3.0.3.tgz#490332f40919452272d55a8480adc0c441358789"
  integrity sha512-yQbXgO/OSZVD2IsiLlro+7Hf6Q18EJrKSEsdoMzKePKXct3gvD8oLcOQdIzGupr5Fj+EDe8gO/lxc1BzfMpxvA==
  dependencies:
    fill-range "^7.1.1"

color-name@^1.1.4:
  version "1.1.4"
  resolved "https://registry.yarnpkg.com/color-name/-/color-name-1.1.4.tgz#c2a09a87acbde69543de6f63fa3995c826c536a2"
  integrity sha512-dOy+3AuW3a2wNbZHIuMZpTcgjGuLU/uBL/ubcZF9OXbDo8ff4O8yVp5Bf0efS8uEoYo5q4Fx7dY9OgQGXgAsQA==

commander@^12.1.0:
  version "12.1.0"
  resolved "https://registry.yarnpkg.com/commander/-/commander-12.1.0.tgz#01423b36f501259fdaac4d0e4d60c96c991585d3"
  integrity sha512-Vw8qHK3bZM9y/P10u3Vib8o/DdkvA2OtPtZvD871QKjy74Wj1WSKFILMPRPSdUSx5RFK1arlJzEtA4PkFgnbuA==

concat-map@0.0.1:
  version "0.0.1"
  resolved "https://registry.yarnpkg.com/concat-map/-/concat-map-0.0.1.tgz#d8a96bd77fd68df7793a73036a3ba0d5405d477b"
  integrity sha512-/Srv4dswyQNBfohGpz9o6Yb3Gz3SrUDqBH5rTuhGR7ahtlbYKnVxw2bCFMRljaA7EXHaXZ8wsHdodFvbkhKmqg==

debug@^4.3.4:
  version "4.3.4"
  resolved "https://registry.yarnpkg.com/debug/-/debug-4.3.4.tgz#1319f6579357f2338d3337d2cdd4914bb5dcc865"
  integrity sha512-PRWFHuSU3eDtQJPvnNY7Jcket1j0t5OuOsFzPPzsekD52Zl8qUfFIPEiswXqIvHWGVHOgX+7G/vCNNhehwxfkQ==
  dependencies:
    ms "2.1.2"

dependency-tree@11.1.0:
  version "11.1.0"
  resolved "https://registry.yarnpkg.com/dependency-tree/-/dependency-tree-11.1.0.tgz#910490f397fa936a95da072c64a5ccf136a0a588"
  integrity sha512-Qu3zvy2JrcSFtvB1gf1iVnbm+PWoVtTKxgs5Lc6+QCs8FPkxe8ezAVnp8O6a2/qMg0yrVNdy2f7oV4DsVUJdUA==
  dependencies:
    commander "^12.1.0"
    filing-cabinet "^5.0.3"
    precinct "^12.2.0"
    typescript "^5.7.3"

detective-amd@^6.0.1:
  version "6.0.1"
  resolved "https://registry.yarnpkg.com/detective-amd/-/detective-amd-6.0.1.tgz#71eb13b5d9b17222d7b4de3fb89a8e684d8b9a23"
  integrity sha512-TtyZ3OhwUoEEIhTFoc1C9IyJIud3y+xYkSRjmvCt65+ycQuc3VcBrPRTMWoO/AnuCyOB8T5gky+xf7Igxtjd3g==
  dependencies:
    ast-module-types "^6.0.1"
    escodegen "^2.1.0"
    get-amd-module-type "^6.0.1"
    node-source-walk "^7.0.1"

detective-cjs@^6.0.1:
  version "6.0.1"
  resolved "https://registry.yarnpkg.com/detective-cjs/-/detective-cjs-6.0.1.tgz#4fb81a67337630811409abb2148b2b622cacbdcd"
  integrity sha512-tLTQsWvd2WMcmn/60T2inEJNhJoi7a//PQ7DwRKEj1yEeiQs4mrONgsUtEJKnZmrGWBBmE0kJ1vqOG/NAxwaJw==
  dependencies:
    ast-module-types "^6.0.1"
    node-source-walk "^7.0.1"

detective-es6@^5.0.1:
  version "5.0.1"
  resolved "https://registry.yarnpkg.com/detective-es6/-/detective-es6-5.0.1.tgz#f0c026bc9b767a243e57ef282f4343fcf3b8ec4e"
  integrity sha512-XusTPuewnSUdoxRSx8OOI6xIA/uld/wMQwYsouvFN2LAg7HgP06NF1lHRV3x6BZxyL2Kkoih4ewcq8hcbGtwew==
  dependencies:
    node-source-walk "^7.0.1"

detective-postcss@^7.0.1:
  version "7.0.1"
  resolved "https://registry.yarnpkg.com/detective-postcss/-/detective-postcss-7.0.1.tgz#f5822d8988339fb56851fcdb079d51fbcff114db"
  integrity sha512-bEOVpHU9picRZux5XnwGsmCN4+8oZo7vSW0O0/Enq/TO5R2pIAP2279NsszpJR7ocnQt4WXU0+nnh/0JuK4KHQ==
  dependencies:
    is-url "^1.2.4"
    postcss-values-parser "^6.0.2"

detective-sass@^6.0.1:
  version "6.0.1"
  resolved "https://registry.yarnpkg.com/detective-sass/-/detective-sass-6.0.1.tgz#fcf5aa51bebf7b721807be418418470ee2409f8a"
  integrity sha512-jSGPO8QDy7K7pztUmGC6aiHkexBQT4GIH+mBAL9ZyBmnUIOFbkfZnO8wPRRJFP/QP83irObgsZHCoDHZ173tRw==
  dependencies:
    gonzales-pe "^4.3.0"
    node-source-walk "^7.0.1"

detective-scss@^5.0.1:
  version "5.0.1"
  resolved "https://registry.yarnpkg.com/detective-scss/-/detective-scss-5.0.1.tgz#6a7f792dc9c0e8cfc0d252a50ba26a6df12596a7"
  integrity sha512-MAyPYRgS6DCiS6n6AoSBJXLGVOydsr9huwXORUlJ37K3YLyiN0vYHpzs3AdJOgHobBfispokoqrEon9rbmKacg==
  dependencies:
    gonzales-pe "^4.3.0"
    node-source-walk "^7.0.1"

detective-stylus@^5.0.1:
  version "5.0.1"
  resolved "https://registry.yarnpkg.com/detective-stylus/-/detective-stylus-5.0.1.tgz#57d54a0b405305ee16655e42008b38a827a9f179"
  integrity sha512-Dgn0bUqdGbE3oZJ+WCKf8Dmu7VWLcmRJGc6RCzBgG31DLIyai9WAoEhYRgIHpt/BCRMrnXLbGWGPQuBUrnF0TA==

detective-typescript@^14.0.0:
  version "14.0.0"
  resolved "https://registry.yarnpkg.com/detective-typescript/-/detective-typescript-14.0.0.tgz#3cf429652eb7d7d2be2c050ac47af957a559527d"
  integrity sha512-pgN43/80MmWVSEi5LUuiVvO/0a9ss5V7fwVfrJ4QzAQRd3cwqU1SfWGXJFcNKUqoD5cS+uIovhw5t/0rSeC5Mw==
  dependencies:
    "@typescript-eslint/typescript-estree" "^8.23.0"
    ast-module-types "^6.0.1"
    node-source-walk "^7.0.1"

detective-vue2@^2.2.0:
  version "2.2.0"
  resolved "https://registry.yarnpkg.com/detective-vue2/-/detective-vue2-2.2.0.tgz#35fd1d39e261b064aca9fcaf20e136c76877482a"
  integrity sha512-sVg/t6O2z1zna8a/UIV6xL5KUa2cMTQbdTIIvqNM0NIPswp52fe43Nwmbahzj3ww4D844u/vC2PYfiGLvD3zFA==
  dependencies:
    "@dependents/detective-less" "^5.0.1"
    "@vue/compiler-sfc" "^3.5.13"
    detective-es6 "^5.0.1"
    detective-sass "^6.0.1"
    detective-scss "^5.0.1"
    detective-stylus "^5.0.1"
    detective-typescript "^14.0.0"

enhanced-resolve@^5.18.0:
  version "5.18.1"
  resolved "https://registry.yarnpkg.com/enhanced-resolve/-/enhanced-resolve-5.18.1.tgz#728ab082f8b7b6836de51f1637aab5d3b9568faf"
  integrity sha512-ZSW3ma5GkcQBIpwZTSRAI8N71Uuwgs93IezB7mf7R60tC8ZbJideoDNKjHn2O9KIlx6rkGTTEk1xUCK2E1Y2Yg==
  dependencies:
    graceful-fs "^4.2.4"
    tapable "^2.2.0"

entities@^4.5.0:
  version "4.5.0"
  resolved "https://registry.yarnpkg.com/entities/-/entities-4.5.0.tgz#5d268ea5e7113ec74c4d033b79ea5a35a488fb48"
  integrity sha512-V0hjH4dGPh9Ao5p0MoRY6BVqtwCjhz6vI5LT8AJ55H+4g9/4vbHx1I54fS0XuclLhDHArPQCiMjDxjaL8fPxhw==

escodegen@^2.1.0:
  version "2.1.0"
  resolved "https://registry.yarnpkg.com/escodegen/-/escodegen-2.1.0.tgz#ba93bbb7a43986d29d6041f99f5262da773e2e17"
  integrity sha512-2NlIDTwUWJN0mRPQOdtQBzbUHvdGY2P1VXSyU83Q3xKxM7WHX2Ql8dKq782Q9TgQUNOLEzEYu9bzLNj1q88I5w==
  dependencies:
    esprima "^4.0.1"
    estraverse "^5.2.0"
    esutils "^2.0.2"
  optionalDependencies:
    source-map "~0.6.1"

eslint-visitor-keys@^4.2.0:
  version "4.2.0"
  resolved "https://registry.yarnpkg.com/eslint-visitor-keys/-/eslint-visitor-keys-4.2.0.tgz#687bacb2af884fcdda8a6e7d65c606f46a14cd45"
  integrity sha512-UyLnSehNt62FFhSwjZlHmeokpRK59rcz29j+F1/aDgbkbRTk7wIc9XzdoasMUbRNKDM0qQt/+BJ4BrpFeABemw==

esprima@^4.0.0, esprima@^4.0.1:
  version "4.0.1"
  resolved "https://registry.yarnpkg.com/esprima/-/esprima-4.0.1.tgz#13b04cdb3e6c5d19df91ab6987a8695619b0aa71"
  integrity sha512-eGuFFw7Upda+g4p+QHvnW0RyTX/SVeJBDM/gCtMARO0cLuT2HcEKnTPvhjV6aGeqrCB/sbNop0Kszm0jsaWU4A==

estraverse@^5.2.0:
  version "5.3.0"
  resolved "https://registry.yarnpkg.com/estraverse/-/estraverse-5.3.0.tgz#2eea5290702f26ab8fe5370370ff86c965d21123"
  integrity sha512-MMdARuVEQziNTeJD8DgMqmhwR11BRQ/cBP+pLtYdSTnf3MIO8fFeiINEbX36ZdNlfU/7A9f3gUw49B3oQsvwBA==

estree-walker@^2.0.2:
  version "2.0.2"
  resolved "https://registry.yarnpkg.com/estree-walker/-/estree-walker-2.0.2.tgz#52f010178c2a4c117a7757cfe942adb7d2da4cac"
  integrity sha512-Rfkk/Mp/DL7JVje3u18FxFujQlTNR2q6QfMSMB7AvCBx91NGj/ba3kCfza0f6dVDbw7YlRf/nDrn7pQrCCyQ/w==

esutils@^2.0.2:
  version "2.0.3"
  resolved "https://registry.yarnpkg.com/esutils/-/esutils-2.0.3.tgz#74d2eb4de0b8da1293711910d50775b9b710ef64"
  integrity sha512-kVscqXk4OCp68SZ0dkgEKVi6/8ij300KBWTJq32P/dYeWTSwK41WyTxalN1eRmA5Z9UU/LX9D7FWSmV9SAYx6g==

fast-glob@^3.3.2:
  version "3.3.3"
  resolved "https://registry.yarnpkg.com/fast-glob/-/fast-glob-3.3.3.tgz#d06d585ce8dba90a16b0505c543c3ccfb3aeb818"
  integrity sha512-7MptL8U0cqcFdzIzwOTHoilX9x5BrNqye7Z/LuC7kCMRio1EMSyqRK3BEAUD7sXRq4iT4AzTVuZdhgQ2TCvYLg==
  dependencies:
    "@nodelib/fs.stat" "^2.0.2"
    "@nodelib/fs.walk" "^1.2.3"
    glob-parent "^5.1.2"
    merge2 "^1.3.0"
    micromatch "^4.0.8"

fastq@^1.6.0:
  version "1.17.0"
  resolved "https://registry.yarnpkg.com/fastq/-/fastq-1.17.0.tgz#ca5e1a90b5e68f97fc8b61330d5819b82f5fab03"
  integrity sha512-zGygtijUMT7jnk3h26kUms3BkSDp4IfIKjmnqI2tvx6nuBfiF1UqOxbnLfzdv+apBy+53oaImsKtMw/xYbW+1w==
  dependencies:
    reusify "^1.0.4"

filing-cabinet@^5.0.3:
  version "5.0.3"
  resolved "https://registry.yarnpkg.com/filing-cabinet/-/filing-cabinet-5.0.3.tgz#e5ab960958653ee7fe70d5d99b3b88c342ce7907"
  integrity sha512-PlPcMwVWg60NQkhvfoxZs4wEHjhlOO/y7OAm4sKM60o1Z9nttRY4mcdQxp/iZ+kg/Vv6Hw1OAaTbYVM9DA9pYg==
  dependencies:
    app-module-path "^2.2.0"
    commander "^12.1.0"
    enhanced-resolve "^5.18.0"
    module-definition "^6.0.1"
    module-lookup-amd "^9.0.3"
    resolve "^1.22.10"
    resolve-dependency-path "^4.0.1"
    sass-lookup "^6.1.0"
    stylus-lookup "^6.1.0"
    tsconfig-paths "^4.2.0"
    typescript "^5.7.3"

fill-range@^7.1.1:
  version "7.1.1"
  resolved "https://registry.yarnpkg.com/fill-range/-/fill-range-7.1.1.tgz#44265d3cac07e3ea7dc247516380643754a05292"
  integrity sha512-YsGpe3WHLK8ZYi4tWDg2Jy3ebRz2rXowDxnld4bkQB00cc/1Zw9AWnC0i9ztDJitivtQvaI9KaLyKrc+hBW0yg==
  dependencies:
    to-regex-range "^5.0.1"

fs.realpath@^1.0.0:
  version "1.0.0"
  resolved "https://registry.yarnpkg.com/fs.realpath/-/fs.realpath-1.0.0.tgz#1504ad2523158caa40db4a2787cb01411994ea4f"
  integrity sha512-OO0pH2lK6a0hZnAdau5ItzHPI6pUlvI7jMVnxUQRtw4owF2wk8lOSabtGDCTP4Ggrg2MbGnWO9X8K1t4+fGMDw==

function-bind@^1.1.2:
  version "1.1.2"
  resolved "https://registry.yarnpkg.com/function-bind/-/function-bind-1.1.2.tgz#2c02d864d97f3ea6c8830c464cbd11ab6eab7a1c"
  integrity sha512-7XHNxH7qX9xG5mIwxkhumTox/MIRNcOgDrxWsMt2pAr23WHp6MrRlN7FBSFpCpr+oVO0F744iUgR82nJMfG2SA==

get-amd-module-type@^6.0.1:
  version "6.0.1"
  resolved "https://registry.yarnpkg.com/get-amd-module-type/-/get-amd-module-type-6.0.1.tgz#191f479ae8706c246b52bf402fbe1bb0965d9f1e"
  integrity sha512-MtjsmYiCXcYDDrGqtNbeIYdAl85n+5mSv2r3FbzER/YV3ZILw4HNNIw34HuV5pyl0jzs6GFYU1VHVEefhgcNHQ==
  dependencies:
    ast-module-types "^6.0.1"
    node-source-walk "^7.0.1"

get-own-enumerable-property-symbols@^3.0.0:
  version "3.0.2"
  resolved "https://registry.yarnpkg.com/get-own-enumerable-property-symbols/-/get-own-enumerable-property-symbols-3.0.2.tgz#b5fde77f22cbe35f390b4e089922c50bce6ef664"
  integrity sha512-I0UBV/XOz1XkIJHEUDMZAbzCThU/H8DxmSfmdGcKPnVhu2VfFqr34jr9777IyaTYvxjedWhqVIilEDsCdP5G6g==

glob-parent@^5.1.2:
  version "5.1.2"
  resolved "https://registry.yarnpkg.com/glob-parent/-/glob-parent-5.1.2.tgz#869832c58034fe68a4093c17dc15e8340d8401c4"
  integrity sha512-AOIgSQCepiJYwP3ARnGx+5VnTu2HBYdzbGP45eLw1vr3zB3vZLeyed1sC9hnbcOc9/SrMyM5RPQrkGz4aS9Zow==
  dependencies:
    is-glob "^4.0.1"

glob@^7.2.3:
  version "7.2.3"
  resolved "https://registry.yarnpkg.com/glob/-/glob-7.2.3.tgz#b8df0fb802bbfa8e89bd1d938b4e16578ed44f2b"
  integrity sha512-nFR0zLpU2YCaRxwoCJvL6UvCH2JFyFVIvwTLsIf21AuHlMskA1hhTdk+LlYJtOlYt9v6dvszD2BGRqBL+iQK9Q==
  dependencies:
    fs.realpath "^1.0.0"
    inflight "^1.0.4"
    inherits "2"
    minimatch "^3.1.1"
    once "^1.3.0"
    path-is-absolute "^1.0.0"

gonzales-pe@^4.3.0:
  version "4.3.0"
  resolved "https://registry.yarnpkg.com/gonzales-pe/-/gonzales-pe-4.3.0.tgz#fe9dec5f3c557eead09ff868c65826be54d067b3"
  integrity sha512-otgSPpUmdWJ43VXyiNgEYE4luzHCL2pz4wQ0OnDluC6Eg4Ko3Vexy/SrSynglw/eR+OhkzmqFCZa/OFa/RgAOQ==
  dependencies:
    minimist "^1.2.5"

graceful-fs@^4.2.4:
  version "4.2.11"
  resolved "https://registry.yarnpkg.com/graceful-fs/-/graceful-fs-4.2.11.tgz#4183e4e8bf08bb6e05bbb2f7d2e0c8f712ca40e3"
  integrity sha512-RbJ5/jmFcNNCcDV5o9eTnBLJ/HszWV0P73bc+Ff4nS/rJj+YaS6IGyiOL0VoBYX+l1Wrl3k63h/KrH+nhJ0XvQ==

hasown@^2.0.2:
  version "2.0.2"
  resolved "https://registry.yarnpkg.com/hasown/-/hasown-2.0.2.tgz#003eaf91be7adc372e84ec59dc37252cedb80003"
  integrity sha512-0hJU9SCPvmMzIBdZFqNPXWa6dqh7WdH0cII9y+CyS8rG3nL48Bclra9HmKhVVUHyPWNH5Y7xDwAB7bfgSjkUMQ==
  dependencies:
    function-bind "^1.1.2"

inflight@^1.0.4:
  version "1.0.6"
  resolved "https://registry.yarnpkg.com/inflight/-/inflight-1.0.6.tgz#49bd6331d7d02d0c09bc910a1075ba8165b56df9"
  integrity sha512-k92I/b08q4wvFscXCLvqfsHCrjrF7yiXsQuIVvVE7N82W3+aqpzuUdBbfhWcy/FZR3/4IgflMgKLOsvPDrGCJA==
  dependencies:
    once "^1.3.0"
    wrappy "1"

inherits@2:
  version "2.0.4"
  resolved "https://registry.yarnpkg.com/inherits/-/inherits-2.0.4.tgz#0fa2c64f932917c3433a0ded55363aae37416b7c"
  integrity sha512-k/vGaX4/Yla3WzyMCvTQOXYeIHvqOKtnqBduzTHpzpQZzAskKMhZ2K+EnBiSM9zGSoIFeMpXKxa4dYeZIQqewQ==

is-core-module@^2.16.0:
  version "2.16.1"
  resolved "https://registry.yarnpkg.com/is-core-module/-/is-core-module-2.16.1.tgz#2a98801a849f43e2add644fbb6bc6229b19a4ef4"
  integrity sha512-UfoeMA6fIJ8wTYFEUjelnaGI67v6+N7qXJEvQuIGa99l4xsCruSYOVSQ0uPANn4dAzm8lkYPaKLrrijLq7x23w==
  dependencies:
    hasown "^2.0.2"

is-extglob@^2.1.1:
  version "2.1.1"
  resolved "https://registry.yarnpkg.com/is-extglob/-/is-extglob-2.1.1.tgz#a88c02535791f02ed37c76a1b9ea9773c833f8c2"
  integrity sha512-SbKbANkN603Vi4jEZv49LeVJMn4yGwsbzZworEoyEiutsN3nJYdbO36zfhGJ6QEDpOZIFkDtnq5JRxmvl3jsoQ==

is-glob@^4.0.1, is-glob@^4.0.3:
  version "4.0.3"
  resolved "https://registry.yarnpkg.com/is-glob/-/is-glob-4.0.3.tgz#64f61e42cbbb2eec2071a9dac0b28ba1e65d5084"
  integrity sha512-xelSayHH36ZgE7ZWhli7pW34hNbNl8Ojv5KVmkJD4hBdD3th8Tfk9vYasLM+mXWOZhFkgZfxhLSnrwRr4elSSg==
  dependencies:
    is-extglob "^2.1.1"

is-number@^7.0.0:
  version "7.0.0"
  resolved "https://registry.yarnpkg.com/is-number/-/is-number-7.0.0.tgz#7535345b896734d5f80c4d06c50955527a14f12b"
  integrity sha512-41Cifkg6e8TylSpdtTpeLVMqvSBEVzTttHvERD741+pnZ8ANv0004MRL43QKPDlK9cGvNp6NZWZUBlbGXYxxng==

is-obj@^1.0.1:
  version "1.0.1"
  resolved "https://registry.yarnpkg.com/is-obj/-/is-obj-1.0.1.tgz#3e4729ac1f5fde025cd7d83a896dab9f4f67db0f"
  integrity sha512-l4RyHgRqGN4Y3+9JHVrNqO+tN0rV5My76uW5/nuO4K1b6vw5G8d/cmFjP9tRfEsdhZNt0IFdZuK/c2Vr4Nb+Qg==

is-regexp@^1.0.0:
  version "1.0.0"
  resolved "https://registry.yarnpkg.com/is-regexp/-/is-regexp-1.0.0.tgz#fd2d883545c46bac5a633e7b9a09e87fa2cb5069"
  integrity sha512-7zjFAPO4/gwyQAAgRRmqeEeyIICSdmCqa3tsVHMdBzaXXRiqopZL4Cyghg/XulGWrtABTpbnYYzzIRffLkP4oA==

is-url-superb@^4.0.0:
  version "4.0.0"
  resolved "https://registry.yarnpkg.com/is-url-superb/-/is-url-superb-4.0.0.tgz#b54d1d2499bb16792748ac967aa3ecb41a33a8c2"
  integrity sha512-GI+WjezhPPcbM+tqE9LnmsY5qqjwHzTvjJ36wxYX5ujNXefSUJ/T17r5bqDV8yLhcgB59KTPNOc9O9cmHTPWsA==

is-url@^1.2.4:
  version "1.2.4"
  resolved "https://registry.yarnpkg.com/is-url/-/is-url-1.2.4.tgz#04a4df46d28c4cff3d73d01ff06abeb318a1aa52"
  integrity sha512-ITvGim8FhRiYe4IQ5uHSkj7pVaPDrCTkNd3yq3cV7iZAcJdHTUMPMEHcqSOy9xZ9qFenQCvi+2wjH9a1nXqHww==

json5@^2.2.2:
  version "2.2.3"
  resolved "https://registry.yarnpkg.com/json5/-/json5-2.2.3.tgz#78cd6f1a19bdc12b73db5ad0c61efd66c1e29283"
  integrity sha512-XmOWe7eyHYH14cLdVPoyg+GOH3rYX++KpzrylJwSW98t3Nk+U8XOl8FWKOgwtzdb8lXGf6zYwDUzeHMWfxasyg==

magic-string@^0.30.11:
  version "0.30.17"
  resolved "https://registry.yarnpkg.com/magic-string/-/magic-string-0.30.17.tgz#450a449673d2460e5bbcfba9a61916a1714c7453"
  integrity sha512-sNPKHvyjVf7gyjwS4xGTaW/mCnF8wnjtifKBEhxfZ7E/S8tQ0rssrwGNn6q8JH/ohItJfSQp9mBtQYuTlH5QnA==
  dependencies:
    "@jridgewell/sourcemap-codec" "^1.5.0"

merge2@^1.3.0:
  version "1.4.1"
  resolved "https://registry.yarnpkg.com/merge2/-/merge2-1.4.1.tgz#4368892f885e907455a6fd7dc55c0c9d404990ae"
  integrity sha512-8q7VEgMJW4J8tcfVPy8g09NcQwZdbwFEqhe/WZkoIzjn/3TGDwtOCYtXGxA3O8tPzpczCCDgv+P2P5y00ZJOOg==

micromatch@^4.0.8:
  version "4.0.8"
  resolved "https://registry.yarnpkg.com/micromatch/-/micromatch-4.0.8.tgz#d66fa18f3a47076789320b9b1af32bd86d9fa202"
  integrity sha512-PXwfBhYu0hBCPw8Dn0E+WDYb7af3dSLVWKi3HGv84IdF4TyFoC0ysxFd0Goxw7nSv4T/PzEJQxsYsEiFCKo2BA==
  dependencies:
    braces "^3.0.3"
    picomatch "^2.3.1"

minimatch@^3.1.1:
  version "3.1.2"
  resolved "https://registry.yarnpkg.com/minimatch/-/minimatch-3.1.2.tgz#19cd194bfd3e428f049a70817c038d89ab4be35b"
  integrity sha512-J7p63hRiAjw1NDEww1W7i37+ByIrOWO5XQQAzZ3VOcL0PNybwpfmV/N05zFAzwQ9USyEcX6t3UO+K5aqBQOIHw==
  dependencies:
    brace-expansion "^1.1.7"

minimatch@^9.0.4:
  version "9.0.5"
  resolved "https://registry.yarnpkg.com/minimatch/-/minimatch-9.0.5.tgz#d74f9dd6b57d83d8e98cfb82133b03978bc929e5"
  integrity sha512-G6T0ZX48xgozx7587koeX9Ys2NYy6Gmv//P89sEte9V9whIapMNF4idKxnW2QtCcLiTWlb/wfCabAtAFWhhBow==
  dependencies:
    brace-expansion "^2.0.1"

minimist@^1.2.5, minimist@^1.2.6:
  version "1.2.8"
  resolved "https://registry.yarnpkg.com/minimist/-/minimist-1.2.8.tgz#c1a464e7693302e082a075cee0c057741ac4772c"
  integrity sha512-2yyAR8qBkN3YuheJanUpWC5U3bb5osDywNB8RzDVlDwDHbocAJveqqj1u8+SVD7jkWT4yvsHCpWqqWqAxb0zCA==

module-definition@^6.0.1:
  version "6.0.1"
  resolved "https://registry.yarnpkg.com/module-definition/-/module-definition-6.0.1.tgz#47e73144cc5a9aa31f3380166fddf8e962ccb2e4"
  integrity sha512-FeVc50FTfVVQnolk/WQT8MX+2WVcDnTGiq6Wo+/+lJ2ET1bRVi3HG3YlJUfqagNMc/kUlFSoR96AJkxGpKz13g==
  dependencies:
    ast-module-types "^6.0.1"
    node-source-walk "^7.0.1"

module-lookup-amd@^9.0.3:
  version "9.0.4"
  resolved "https://registry.yarnpkg.com/module-lookup-amd/-/module-lookup-amd-9.0.4.tgz#328aff0913a47b25f02dd03c40efc9640d60f38c"
  integrity sha512-DWJEuLVvjxh5b8wrvJC5wr2a7qo7pOWXIgdCBNazU416kcIyzO4drxvlqKhsHzYwxcC4cWuhoK+MiWCKCGnv7A==
  dependencies:
    commander "^12.1.0"
    glob "^7.2.3"
    requirejs "^2.3.7"
    requirejs-config-file "^4.0.0"

ms@2.1.2:
  version "2.1.2"
  resolved "https://registry.yarnpkg.com/ms/-/ms-2.1.2.tgz#d09d1f357b443f493382a8eb3ccd183872ae6009"
  integrity sha512-sGkPx+VjMtmA6MX27oA4FBFELFCZZ4S4XqeGOXCv68tT+jb3vk/RyaKWP0PTKyWtmLSM0b+adUTEvbs1PEaH2w==

nanoid@^3.3.8:
  version "3.3.8"
  resolved "https://registry.yarnpkg.com/nanoid/-/nanoid-3.3.8.tgz#b1be3030bee36aaff18bacb375e5cce521684baf"
  integrity sha512-WNLf5Sd8oZxOm+TzppcYk8gVOgP+l58xNy58D0nbUnOxOWRWvlcCV4kUF7ltmI6PsrLl/BgKEyS4mqsGChFN0w==

node-source-walk@^7.0.1:
  version "7.0.1"
  resolved "https://registry.yarnpkg.com/node-source-walk/-/node-source-walk-7.0.1.tgz#3e4ab8d065377228fd038af7b2d4fb58f61defd3"
  integrity sha512-3VW/8JpPqPvnJvseXowjZcirPisssnBuDikk6JIZ8jQzF7KJQX52iPFX4RYYxLycYH7IbMRSPUOga/esVjy5Yg==
  dependencies:
    "@babel/parser" "^7.26.7"

once@^1.3.0:
  version "1.4.0"
  resolved "https://registry.yarnpkg.com/once/-/once-1.4.0.tgz#583b1aa775961d4b113ac17d9c50baef9dd76bd1"
  integrity sha512-lNaJgI+2Q5URQBkccEKHTQOPaXdUxnZZElQTZY0MFUAuaEqe1E+Nyvgdz/aIyNi6Z9MzO5dv1H8n58/GELp3+w==
  dependencies:
    wrappy "1"

path-is-absolute@^1.0.0:
  version "1.0.1"
  resolved "https://registry.yarnpkg.com/path-is-absolute/-/path-is-absolute-1.0.1.tgz#174b9268735534ffbc7ace6bf53a5a9e1b5c5f5f"
  integrity sha512-AVbw3UJ2e9bq64vSaS9Am0fje1Pa8pbGqTTsmXfaIiMpnr5DlDhfJOuLj9Sf95ZPVDAUerDfEk88MPmPe7UCQg==

path-parse@^1.0.7:
  version "1.0.7"
  resolved "https://registry.yarnpkg.com/path-parse/-/path-parse-1.0.7.tgz#fbc114b60ca42b30d9daf5858e4bd68bbedb6735"
  integrity sha512-LDJzPVEEEPR+y48z93A0Ed0yXb8pAByGWo/k5YYdYgpY2/2EsOsksJrq7lOHxryrVOn1ejG6oAp8ahvOIQD8sw==

picocolors@^1.1.1:
  version "1.1.1"
  resolved "https://registry.yarnpkg.com/picocolors/-/picocolors-1.1.1.tgz#3d321af3eab939b083c8f929a1d12cda81c26b6b"
  integrity sha512-xceH2snhtb5M9liqDsmEw56le376mTZkEX/jEb/RxNFyegNul7eNslCXP9FDj/Lcu0X8KEyMceP2ntpaHrDEVA==

picomatch@^2.3.1:
  version "2.3.1"
  resolved "https://registry.yarnpkg.com/picomatch/-/picomatch-2.3.1.tgz#3ba3833733646d9d3e4995946c1365a67fb07a42"
  integrity sha512-JU3teHTNjmE2VCGFzuY8EXzCDVwEqB2a8fsIvwaStHhAWJEeVd1o1QD80CU6+ZdEXXSLbSsuLwJjkCBWqRQUVA==

postcss-values-parser@^6.0.2:
  version "6.0.2"
  resolved "https://registry.yarnpkg.com/postcss-values-parser/-/postcss-values-parser-6.0.2.tgz#636edc5b86c953896f1bb0d7a7a6615df00fb76f"
  integrity sha512-YLJpK0N1brcNJrs9WatuJFtHaV9q5aAOj+S4DI5S7jgHlRfm0PIbDCAFRYMQD5SHq7Fy6xsDhyutgS0QOAs0qw==
  dependencies:
    color-name "^1.1.4"
    is-url-superb "^4.0.0"
    quote-unquote "^1.0.0"

postcss@^8.4.48, postcss@^8.5.1:
  version "8.5.2"
  resolved "https://registry.yarnpkg.com/postcss/-/postcss-8.5.2.tgz#e7b99cb9d2ec3e8dd424002e7c16517cb2b846bd"
  integrity sha512-MjOadfU3Ys9KYoX0AdkBlFEF1Vx37uCCeN4ZHnmwm9FfpbsGWMZeBLMmmpY+6Ocqod7mkdZ0DT31OlbsFrLlkA==
  dependencies:
    nanoid "^3.3.8"
    picocolors "^1.1.1"
    source-map-js "^1.2.1"

precinct@^12.2.0:
  version "12.2.0"
  resolved "https://registry.yarnpkg.com/precinct/-/precinct-12.2.0.tgz#6ab18f48034cc534f2c8fedb318f19a11bcd171b"
  integrity sha512-NFBMuwIfaJ4SocE9YXPU/n4AcNSoFMVFjP72nvl3cx69j/ke61/hPOWFREVxLkFhhEGnA8ZuVfTqJBa+PK3b5w==
  dependencies:
    "@dependents/detective-less" "^5.0.1"
    commander "^12.1.0"
    detective-amd "^6.0.1"
    detective-cjs "^6.0.1"
    detective-es6 "^5.0.1"
    detective-postcss "^7.0.1"
    detective-sass "^6.0.1"
    detective-scss "^5.0.1"
    detective-stylus "^5.0.1"
    detective-typescript "^14.0.0"
    detective-vue2 "^2.2.0"
    module-definition "^6.0.1"
    node-source-walk "^7.0.1"
    postcss "^8.5.1"
    typescript "^5.7.3"

queue-microtask@^1.2.2:
  version "1.2.3"
  resolved "https://registry.yarnpkg.com/queue-microtask/-/queue-microtask-1.2.3.tgz#4929228bbc724dfac43e0efb058caf7b6cfb6243"
  integrity sha512-NuaNSa6flKT5JaSYQzJok04JzTL1CA6aGhv5rfLW3PgqA+M2ChpZQnAC8h8i4ZFkBS8X5RqkDBHA7r4hej3K9A==

quote-unquote@^1.0.0:
  version "1.0.0"
  resolved "https://registry.yarnpkg.com/quote-unquote/-/quote-unquote-1.0.0.tgz#67a9a77148effeaf81a4d428404a710baaac8a0b"
  integrity sha512-twwRO/ilhlG/FIgYeKGFqyHhoEhqgnKVkcmqMKi2r524gz3ZbDTcyFt38E9xjJI2vT+KbRNHVbnJ/e0I25Azwg==

requirejs-config-file@^4.0.0:
  version "4.0.0"
  resolved "https://registry.yarnpkg.com/requirejs-config-file/-/requirejs-config-file-4.0.0.tgz#4244da5dd1f59874038cc1091d078d620abb6ebc"
  integrity sha512-jnIre8cbWOyvr8a5F2KuqBnY+SDA4NXr/hzEZJG79Mxm2WiFQz2dzhC8ibtPJS7zkmBEl1mxSwp5HhC1W4qpxw==
  dependencies:
    esprima "^4.0.0"
    stringify-object "^3.2.1"

requirejs@^2.3.7:
  version "2.3.7"
  resolved "https://registry.yarnpkg.com/requirejs/-/requirejs-2.3.7.tgz#0b22032e51a967900e0ae9f32762c23a87036bd0"
  integrity sha512-DouTG8T1WanGok6Qjg2SXuCMzszOo0eHeH9hDZ5Y4x8Je+9JB38HdTLT4/VA8OaUhBa0JPVHJ0pyBkM1z+pDsw==

resolve-dependency-path@^4.0.1:
  version "4.0.1"
  resolved "https://registry.yarnpkg.com/resolve-dependency-path/-/resolve-dependency-path-4.0.1.tgz#1b9d43e5b62384301e26d040b9fce61ee5db60bd"
  integrity sha512-YQftIIC4vzO9UMhO/sCgXukNyiwVRCVaxiWskCBy7Zpqkplm8kTAISZ8O1MoKW1ca6xzgLUBjZTcDgypXvXxiQ==

resolve@^1.22.10:
  version "1.22.10"
  resolved "https://registry.yarnpkg.com/resolve/-/resolve-1.22.10.tgz#b663e83ffb09bbf2386944736baae803029b8b39"
  integrity sha512-NPRy+/ncIMeDlTAsuqwKIiferiawhefFJtkNSW0qZJEqMEb+qBt/77B/jGeeek+F0uOeN05CDa6HXbbIgtVX4w==
  dependencies:
    is-core-module "^2.16.0"
    path-parse "^1.0.7"
    supports-preserve-symlinks-flag "^1.0.0"

reusify@^1.0.4:
  version "1.0.4"
  resolved "https://registry.yarnpkg.com/reusify/-/reusify-1.0.4.tgz#90da382b1e126efc02146e90845a88db12925d76"
  integrity sha512-U9nH88a3fc/ekCF1l0/UP1IosiuIjyTh7hBvXVMHYgVcfGvt897Xguj2UOLDeI5BG2m7/uwyaLVT6fbtCwTyzw==

run-parallel@^1.1.9:
  version "1.2.0"
  resolved "https://registry.yarnpkg.com/run-parallel/-/run-parallel-1.2.0.tgz#66d1368da7bdf921eb9d95bd1a9229e7f21a43ee"
  integrity sha512-5l4VyZR86LZ/lDxZTR6jqL8AFE2S0IFLMP26AbjsLVADxHdhB/c0GUsH+y39UfCi3dzz8OlQuPmnaJOMoDHQBA==
  dependencies:
    queue-microtask "^1.2.2"

sass-lookup@^6.1.0:
  version "6.1.0"
  resolved "https://registry.yarnpkg.com/sass-lookup/-/sass-lookup-6.1.0.tgz#a13b1f31dd44d2b4bcd55ba8f72763db4d95bd7c"
  integrity sha512-Zx+lVyoWqXZxHuYWlTA17Z5sczJ6braNT2C7rmClw+c4E7r/n911Zwss3h1uHI9reR5AgHZyNHF7c2+VIp5AUA==
  dependencies:
    commander "^12.1.0"
    enhanced-resolve "^5.18.0"

semver@^7.6.0:
  version "7.7.1"
  resolved "https://registry.yarnpkg.com/semver/-/semver-7.7.1.tgz#abd5098d82b18c6c81f6074ff2647fd3e7220c9f"
  integrity sha512-hlq8tAfn0m/61p4BVRcPzIGr6LKiMwo4VM6dGi6pt4qcRkmNzTcWq6eCEjEh+qXjkMDvPlOFFSGwQjoEa6gyMA==

source-map-js@^1.2.0, source-map-js@^1.2.1:
  version "1.2.1"
  resolved "https://registry.yarnpkg.com/source-map-js/-/source-map-js-1.2.1.tgz#1ce5650fddd87abc099eda37dcff024c2667ae46"
  integrity sha512-UXWMKhLOwVKb728IUtQPXxfYU+usdybtUrK/8uGE8CQMvrhOpwvzDBwj0QhSL7MQc7vIsISBG8VQ8+IDQxpfQA==

source-map@~0.6.1:
  version "0.6.1"
  resolved "https://registry.yarnpkg.com/source-map/-/source-map-0.6.1.tgz#74722af32e9614e9c287a8d0bbde48b5e2f1a263"
  integrity sha512-UjgapumWlbMhkBgzT7Ykc5YXUT46F0iKu8SGXq0bcwP5dz/h0Plj6enJqjz1Zbq2l5WaqYnrVbwWOWMyF3F47g==

stringify-object@^3.2.1:
  version "3.3.0"
  resolved "https://registry.yarnpkg.com/stringify-object/-/stringify-object-3.3.0.tgz#703065aefca19300d3ce88af4f5b3956d7556629"
  integrity sha512-rHqiFh1elqCQ9WPLIC8I0Q/g/wj5J1eMkyoiD6eoQApWHP0FtlK7rqnhmabL5VUY9JQCcqwwvlOaSuutekgyrw==
  dependencies:
    get-own-enumerable-property-symbols "^3.0.0"
    is-obj "^1.0.1"
    is-regexp "^1.0.0"

strip-bom@^3.0.0:
  version "3.0.0"
  resolved "https://registry.yarnpkg.com/strip-bom/-/strip-bom-3.0.0.tgz#2334c18e9c759f7bdd56fdef7e9ae3d588e68ed3"
  integrity sha512-vavAMRXOgBVNF6nyEEmL3DBK19iRpDcoIwW+swQ+CbGiu7lju6t+JklA1MHweoWtadgt4ISVUsXLyDq34ddcwA==

stylus-lookup@^6.1.0:
  version "6.1.0"
  resolved "https://registry.yarnpkg.com/stylus-lookup/-/stylus-lookup-6.1.0.tgz#f0fe88a885b830dc7520f51dd0a7e59e5d3307b4"
  integrity sha512-5QSwgxAzXPMN+yugy61C60PhoANdItfdjSEZR8siFwz7yL9jTmV0UBKDCfn3K8GkGB4g0Y9py7vTCX8rFu4/pQ==
  dependencies:
    commander "^12.1.0"

supports-preserve-symlinks-flag@^1.0.0:
  version "1.0.0"
  resolved "https://registry.yarnpkg.com/supports-preserve-symlinks-flag/-/supports-preserve-symlinks-flag-1.0.0.tgz#6eda4bd344a3c94aea376d4cc31bc77311039e09"
  integrity sha512-ot0WnXS9fgdkgIcePe6RHNk1WA8+muPa6cSjeR3V8K27q9BB1rTE3R1p7Hv0z1ZyAc8s6Vvv8DIyWf681MAt0w==

tapable@^2.2.0:
  version "2.2.1"
  resolved "https://registry.yarnpkg.com/tapable/-/tapable-2.2.1.tgz#1967a73ef4060a82f12ab96af86d52fdb76eeca0"
  integrity sha512-GNzQvQTOIP6RyTfE2Qxb8ZVlNmw0n88vp1szwWRimP02mnTsx3Wtn5qRdqY9w2XduFNUgvOwhNnQsjwCp+kqaQ==

to-regex-range@^5.0.1:
  version "5.0.1"
  resolved "https://registry.yarnpkg.com/to-regex-range/-/to-regex-range-5.0.1.tgz#1648c44aae7c8d988a326018ed72f5b4dd0392e4"
  integrity sha512-65P7iz6X5yEr1cwcgvQxbbIw7Uk3gOy5dIdtZ4rDveLqhrdJP+Li/Hx6tyK0NEb+2GCyneCMJiGqrADCSNk8sQ==
  dependencies:
    is-number "^7.0.0"

ts-api-utils@^2.0.1:
  version "2.0.1"
  resolved "https://registry.yarnpkg.com/ts-api-utils/-/ts-api-utils-2.0.1.tgz#660729385b625b939aaa58054f45c058f33f10cd"
  integrity sha512-dnlgjFSVetynI8nzgJ+qF62efpglpWRk8isUEWZGWlJYySCTD6aKvbUDu+zbPeDakk3bg5H4XpitHukgfL1m9w==

tsconfig-paths@^4.2.0:
  version "4.2.0"
  resolved "https://registry.yarnpkg.com/tsconfig-paths/-/tsconfig-paths-4.2.0.tgz#ef78e19039133446d244beac0fd6a1632e2d107c"
  integrity sha512-NoZ4roiN7LnbKn9QqE1amc9DJfzvZXxF4xDavcOWt1BPkdx+m+0gJuPM+S0vCe7zTJMYUP0R8pO2XMr+Y8oLIg==
  dependencies:
    json5 "^2.2.2"
    minimist "^1.2.6"
    strip-bom "^3.0.0"

typescript@^5.7.3:
  version "5.7.3"
  resolved "https://registry.yarnpkg.com/typescript/-/typescript-5.7.3.tgz#919b44a7dbb8583a9b856d162be24a54bf80073e"
  integrity sha512-84MVSjMEHP+FQRPy3pX9sTVV/INIex71s9TL2Gm5FG/WG1SqXeKyZ0k7/blY/4FdOzI12CBy1vGc4og/eus0fw==

wrappy@1:
  version "1.0.2"
  resolved "https://registry.yarnpkg.com/wrappy/-/wrappy-1.0.2.tgz#b5243d8f3ec1aa35f1364605bc0d1036e30ab69f"
  integrity sha512-l4Sp/DRseor9wL6EvV2+TuQn63dMkPjZ/sp9XkghTEbV9KlPS1xUsZ3u7/IQO4wxtcFB4bgpQPRcR3QCvezPcQ==
